{
  "name": "passing_wrapped",
  "version": "0.0.0",
  "lockfileVersion": 1,
  "requires": true,
  "dependencies": {
    "bike": {
      "version": "0.5.4",
      "resolved": "https://registry.npmjs.org/bike/-/bike-0.5.4.tgz",
      "integrity": "sha1-qnKVSz1/VM66v8S5rthVGvsp1O8=",
      "requires": {
        "underscore": "*"
      }
    },
    "bindings": {
      "version": "1.2.1",
      "resolved": "https://registry.npmjs.org/bindings/-/bindings-1.2.1.tgz",
      "integrity": "sha1-FK1hE4EtLTfXLme0ystLtyZQXxE="
    },
    "napi": {
      "version": "0.0.0",
      "resolved": "https://registry.npmjs.org/napi/-/napi-0.0.0.tgz",
      "integrity": "sha1-+/OrxiqWJxKpB8LyscxCI0+3J1Q=",
      "requires": {
        "bike": "~0.5.4",
        "request": "~2.11.0",
        "underscore": "~1.3.3"
      }
    },
    "node-addon-api": {
      "version": "1.7.1",
      "resolved": "https://registry.npmjs.org/node-addon-api/-/node-addon-api-1.7.1.tgz",
      "integrity": "sha512-2+DuKodWvwRTrCfKOeR24KIc5unKjOh8mz17NCzVnHWfjAdDqbfbjqh7gUT+BkXBRQM52+xCHciKWonJ3CbJMQ=="
    },
    "request": {
      "version": "2.11.4",
      "resolved": "https://registry.npmjs.org/request/-/request-2.11.4.tgz",
      "integrity": "sha1-Y0fX1E5S3FiBCMwc5c7pdfyJJt4=",
      "requires": {
        "form-data": "~0.0.3",
        "mime": "~1.2.7"
      },
      "dependencies": {
        "form-data": {
          "version": "0.0.3",
          "bundled": true,
          "requires": {
            "async": "~0.1.9",
            "combined-stream": "0.0.3",
            "mime": "~1.2.2"
          },
          "dependencies": {
            "async": {
              "version": "0.1.9",
              "bundled": true
            },
            "combined-stream": {
              "version": "0.0.3",
              "bundled": true,
              "requires": {
                "delayed-stream": "0.0.5"
              },
              "dependencies": {
                "delayed-stream": {
                  "version": "0.0.5",
                  "bundled": true
                }
              }
            }
          }
        },
        "mime": {
          "version": "1.2.7",
          "bundled": true
        }
      }
    },
    "underscore": {
      "version": "1.3.3",
      "resolved": "https://registry.npmjs.org/underscore/-/underscore-1.3.3.tgz",
      "integrity": "sha1-R6xTaD2vgyv6lS4XdEF9pHgXrkI="
    }
  }
}
